
Microsoft Visual Studio Solution File, Format Version 12.00
# Visual Studio Version 17
VisualStudioVersion = 17.4.33213.308
MinimumVisualStudioVersion = 10.0.40219.1
Project("{FAE04EC0-301F-11D3-BF4B-00C04F79EFBC}") = "SourceGenerator", "SourceGenerator\SourceGenerator.csproj", "{87E81063-AA41-4079-A3CF-DE2DFE2D3104}"
EndProject
Global
	GlobalSection(SolutionConfigurationPlatforms) = preSolution
		Debug|Any CPU = Debug|Any CPU
		Release|Any CPU = Release|Any CPU
	EndGlobalSection
	GlobalSection(ProjectConfigurationPlatforms) = postSolution
		{87E81063-AA41-4079-A3CF-DE2DFE2D3104}.Debug|Any CPU.ActiveCfg = Debug|Any CPU
		{87E81063-AA41-4079-A3CF-DE2DFE2D3104}.Debug|Any CPU.Build.0 = Debug|Any CPU
		{87E81063-AA41-4079-A3CF-DE2DFE2D3104}.Release|Any CPU.ActiveCfg = Release|Any CPU
		{87E81063-AA41-4079-A3CF-DE2DFE2D3104}.Release|Any CPU.Build.0 = Release|Any CPU
	EndGlobalSection
	GlobalSection(SolutionProperties) = preSolution
		HideSolutionNode = FALSE
	EndGlobalSection
	GlobalSection(ExtensibilityGlobals) = postSolution
		SolutionGuid = {D8D1C250-7C89-4239-ADBF-0B00A32BDC3F}
	EndGlobalSection
EndGlobal
