
Microsoft Visual Studio Solution File, Format Version 12.00
# Visual Studio Version 17
VisualStudioVersion = 17.6.33723.286
MinimumVisualStudioVersion = 10.0.40219.1
Project("{2150E333-8FDC-42A3-9474-1A3956D46DE8}") = "Microservices", "Microservices", "{38EFBD16-DC1F-482B-BD6D-3E3ACA126653}"
EndProject
Project("{2150E333-8FDC-42A3-9474-1A3956D46DE8}") = "Domain", "Domain", "{357960A0-3BC0-47E2-A483-DE0DA2EBDFAE}"
EndProject
Project("{2150E333-8FDC-42A3-9474-1A3956D46DE8}") = "Infra.Bus", "Infra.Bus", "{9946656B-A6D4-45D2-A828-5682232AB341}"
EndProject
Project("{2150E333-8FDC-42A3-9474-1A3956D46DE8}") = "Infra.IoC", "Infra.IoC", "{BF536224-72BE-4D83-97CA-EFF8887D50D3}"
EndProject
Project("{9A19103F-16F7-4668-BE54-9A1E7A4F7556}") = "MicroRabbit.Domain.Core", "MicroRabbit.Domain.Core\MicroRabbit.Domain.Core.csproj", "{9399F6BD-8584-4457-8005-B413FCD59669}"
EndProject
Project("{9A19103F-16F7-4668-BE54-9A1E7A4F7556}") = "MicroRabbit.Infra.Bus", "MicroRabbit.Infra.Bus\MicroRabbit.Infra.Bus.csproj", "{D46701FC-CF9D-4725-840B-266CB348A2D4}"
EndProject
Project("{9A19103F-16F7-4668-BE54-9A1E7A4F7556}") = "MicroRabbit.Infra.IoC", "MicroRabbit.Infra.IoC\MicroRabbit.Infra.IoC.csproj", "{A98A01D4-ABFE-4118-8298-BE3A158BE8B4}"
EndProject
Project("{2150E333-8FDC-42A3-9474-1A3956D46DE8}") = "Banking", "Banking", "{BD812CA1-4171-4923-A146-3E909D35598E}"
EndProject
Project("{2150E333-8FDC-42A3-9474-1A3956D46DE8}") = "Application", "Application", "{7F090CF6-D32E-4C8E-86C2-7C67E9FAEEC1}"
EndProject
Project("{2150E333-8FDC-42A3-9474-1A3956D46DE8}") = "Data", "Data", "{B6EBEF82-1246-47A3-A2B4-80F9DD4A0379}"
EndProject
Project("{2150E333-8FDC-42A3-9474-1A3956D46DE8}") = "Domain", "Domain", "{6C3BC57C-F084-4A93-99D4-B1E687B0E58E}"
EndProject
Project("{2150E333-8FDC-42A3-9474-1A3956D46DE8}") = "Api", "Api", "{A3F44BDD-E222-452A-8E86-BE7B9158BF79}"
EndProject
Project("{9A19103F-16F7-4668-BE54-9A1E7A4F7556}") = "MicroRabbit.Banking.Api", "MicroRabbit.Banking.Api\MicroRabbit.Banking.Api.csproj", "{D44E6FDE-47CA-430D-8A3F-E000D2E974DB}"
EndProject
Project("{9A19103F-16F7-4668-BE54-9A1E7A4F7556}") = "MicroRabbit.Banking.Application", "MicroRabbit.Banking.Application\MicroRabbit.Banking.Application.csproj", "{6900C446-2B19-4864-81C1-B708EE64C680}"
EndProject
Project("{9A19103F-16F7-4668-BE54-9A1E7A4F7556}") = "MicroRabbit.Banking.Data", "MicroRabbit.Banking.Data\MicroRabbit.Banking.Data.csproj", "{0D5D8D9C-90CC-4CAC-9806-A9C53BBDC527}"
EndProject
Project("{9A19103F-16F7-4668-BE54-9A1E7A4F7556}") = "MicroRabbit.Banking.Domain", "MicroRabbit.Banking.Domain\MicroRabbit.Banking.Domain.csproj", "{7338579B-07EB-4520-AF74-F945BAC8F4AE}"
EndProject
Project("{2150E333-8FDC-42A3-9474-1A3956D46DE8}") = "Transfer", "Transfer", "{971CF946-715C-41C2-9AE8-EA6B452C8D50}"
EndProject
Project("{2150E333-8FDC-42A3-9474-1A3956D46DE8}") = "Api", "Api", "{24BB2B78-BCD6-47D0-9137-54D78ADE8950}"
EndProject
Project("{2150E333-8FDC-42A3-9474-1A3956D46DE8}") = "Data", "Data", "{0E06094D-B315-478F-B9E6-A0DEA2894AAC}"
EndProject
Project("{2150E333-8FDC-42A3-9474-1A3956D46DE8}") = "Domain", "Domain", "{3091C2E1-DBC7-4916-B843-CF4C8A8B1100}"
EndProject
Project("{2150E333-8FDC-42A3-9474-1A3956D46DE8}") = "Application", "Application", "{3D97E7B6-2198-411F-9393-BB89205DEEF7}"
EndProject
Project("{9A19103F-16F7-4668-BE54-9A1E7A4F7556}") = "MicroRabbit.Transfer.Api", "MicroRabbit.Transfer.Api\MicroRabbit.Transfer.Api.csproj", "{467B69B5-A88E-4FB5-9C85-7E7F139DFDE2}"
EndProject
Project("{9A19103F-16F7-4668-BE54-9A1E7A4F7556}") = "MicroRabbit.Transfer.Application", "MicroRabbit.Transfer.Application\MicroRabbit.Transfer.Application.csproj", "{F58C8335-6633-442B-8836-7A15E040B3C3}"
EndProject
Project("{9A19103F-16F7-4668-BE54-9A1E7A4F7556}") = "MicroRabbit.Transfer.Data", "MicroRabbit.Transfer.Data\MicroRabbit.Transfer.Data.csproj", "{1F188191-BAE9-41F0-85B0-68FE56357728}"
EndProject
Project("{9A19103F-16F7-4668-BE54-9A1E7A4F7556}") = "MicroRabbit.Transfer.Domain", "MicroRabbit.Transfer.Domain\MicroRabbit.Transfer.Domain.csproj", "{E7DAD6AE-82B7-4F47-B58B-9192DAB6BE65}"
EndProject
Global
	GlobalSection(SolutionConfigurationPlatforms) = preSolution
		Debug|Any CPU = Debug|Any CPU
		Release|Any CPU = Release|Any CPU
	EndGlobalSection
	GlobalSection(ProjectConfigurationPlatforms) = postSolution
		{9399F6BD-8584-4457-8005-B413FCD59669}.Debug|Any CPU.ActiveCfg = Debug|Any CPU
		{9399F6BD-8584-4457-8005-B413FCD59669}.Debug|Any CPU.Build.0 = Debug|Any CPU
		{9399F6BD-8584-4457-8005-B413FCD59669}.Release|Any CPU.ActiveCfg = Release|Any CPU
		{9399F6BD-8584-4457-8005-B413FCD59669}.Release|Any CPU.Build.0 = Release|Any CPU
		{D46701FC-CF9D-4725-840B-266CB348A2D4}.Debug|Any CPU.ActiveCfg = Debug|Any CPU
		{D46701FC-CF9D-4725-840B-266CB348A2D4}.Debug|Any CPU.Build.0 = Debug|Any CPU
		{D46701FC-CF9D-4725-840B-266CB348A2D4}.Release|Any CPU.ActiveCfg = Release|Any CPU
		{D46701FC-CF9D-4725-840B-266CB348A2D4}.Release|Any CPU.Build.0 = Release|Any CPU
		{A98A01D4-ABFE-4118-8298-BE3A158BE8B4}.Debug|Any CPU.ActiveCfg = Debug|Any CPU
		{A98A01D4-ABFE-4118-8298-BE3A158BE8B4}.Debug|Any CPU.Build.0 = Debug|Any CPU
		{A98A01D4-ABFE-4118-8298-BE3A158BE8B4}.Release|Any CPU.ActiveCfg = Release|Any CPU
		{A98A01D4-ABFE-4118-8298-BE3A158BE8B4}.Release|Any CPU.Build.0 = Release|Any CPU
		{D44E6FDE-47CA-430D-8A3F-E000D2E974DB}.Debug|Any CPU.ActiveCfg = Debug|Any CPU
		{D44E6FDE-47CA-430D-8A3F-E000D2E974DB}.Debug|Any CPU.Build.0 = Debug|Any CPU
		{D44E6FDE-47CA-430D-8A3F-E000D2E974DB}.Release|Any CPU.ActiveCfg = Release|Any CPU
		{D44E6FDE-47CA-430D-8A3F-E000D2E974DB}.Release|Any CPU.Build.0 = Release|Any CPU
		{6900C446-2B19-4864-81C1-B708EE64C680}.Debug|Any CPU.ActiveCfg = Debug|Any CPU
		{6900C446-2B19-4864-81C1-B708EE64C680}.Debug|Any CPU.Build.0 = Debug|Any CPU
		{6900C446-2B19-4864-81C1-B708EE64C680}.Release|Any CPU.ActiveCfg = Release|Any CPU
		{6900C446-2B19-4864-81C1-B708EE64C680}.Release|Any CPU.Build.0 = Release|Any CPU
		{0D5D8D9C-90CC-4CAC-9806-A9C53BBDC527}.Debug|Any CPU.ActiveCfg = Debug|Any CPU
		{0D5D8D9C-90CC-4CAC-9806-A9C53BBDC527}.Debug|Any CPU.Build.0 = Debug|Any CPU
		{0D5D8D9C-90CC-4CAC-9806-A9C53BBDC527}.Release|Any CPU.ActiveCfg = Release|Any CPU
		{0D5D8D9C-90CC-4CAC-9806-A9C53BBDC527}.Release|Any CPU.Build.0 = Release|Any CPU
		{7338579B-07EB-4520-AF74-F945BAC8F4AE}.Debug|Any CPU.ActiveCfg = Debug|Any CPU
		{7338579B-07EB-4520-AF74-F945BAC8F4AE}.Debug|Any CPU.Build.0 = Debug|Any CPU
		{7338579B-07EB-4520-AF74-F945BAC8F4AE}.Release|Any CPU.ActiveCfg = Release|Any CPU
		{7338579B-07EB-4520-AF74-F945BAC8F4AE}.Release|Any CPU.Build.0 = Release|Any CPU
		{467B69B5-A88E-4FB5-9C85-7E7F139DFDE2}.Debug|Any CPU.ActiveCfg = Debug|Any CPU
		{467B69B5-A88E-4FB5-9C85-7E7F139DFDE2}.Debug|Any CPU.Build.0 = Debug|Any CPU
		{467B69B5-A88E-4FB5-9C85-7E7F139DFDE2}.Release|Any CPU.ActiveCfg = Release|Any CPU
		{467B69B5-A88E-4FB5-9C85-7E7F139DFDE2}.Release|Any CPU.Build.0 = Release|Any CPU
		{F58C8335-6633-442B-8836-7A15E040B3C3}.Debug|Any CPU.ActiveCfg = Debug|Any CPU
		{F58C8335-6633-442B-8836-7A15E040B3C3}.Debug|Any CPU.Build.0 = Debug|Any CPU
		{F58C8335-6633-442B-8836-7A15E040B3C3}.Release|Any CPU.ActiveCfg = Release|Any CPU
		{F58C8335-6633-442B-8836-7A15E040B3C3}.Release|Any CPU.Build.0 = Release|Any CPU
		{1F188191-BAE9-41F0-85B0-68FE56357728}.Debug|Any CPU.ActiveCfg = Debug|Any CPU
		{1F188191-BAE9-41F0-85B0-68FE56357728}.Debug|Any CPU.Build.0 = Debug|Any CPU
		{1F188191-BAE9-41F0-85B0-68FE56357728}.Release|Any CPU.ActiveCfg = Release|Any CPU
		{1F188191-BAE9-41F0-85B0-68FE56357728}.Release|Any CPU.Build.0 = Release|Any CPU
		{E7DAD6AE-82B7-4F47-B58B-9192DAB6BE65}.Debug|Any CPU.ActiveCfg = Debug|Any CPU
		{E7DAD6AE-82B7-4F47-B58B-9192DAB6BE65}.Debug|Any CPU.Build.0 = Debug|Any CPU
		{E7DAD6AE-82B7-4F47-B58B-9192DAB6BE65}.Release|Any CPU.ActiveCfg = Release|Any CPU
		{E7DAD6AE-82B7-4F47-B58B-9192DAB6BE65}.Release|Any CPU.Build.0 = Release|Any CPU
	EndGlobalSection
	GlobalSection(SolutionProperties) = preSolution
		HideSolutionNode = FALSE
	EndGlobalSection
	GlobalSection(NestedProjects) = preSolution
		{9399F6BD-8584-4457-8005-B413FCD59669} = {357960A0-3BC0-47E2-A483-DE0DA2EBDFAE}
		{D46701FC-CF9D-4725-840B-266CB348A2D4} = {9946656B-A6D4-45D2-A828-5682232AB341}
		{A98A01D4-ABFE-4118-8298-BE3A158BE8B4} = {BF536224-72BE-4D83-97CA-EFF8887D50D3}
		{BD812CA1-4171-4923-A146-3E909D35598E} = {38EFBD16-DC1F-482B-BD6D-3E3ACA126653}
		{7F090CF6-D32E-4C8E-86C2-7C67E9FAEEC1} = {BD812CA1-4171-4923-A146-3E909D35598E}
		{B6EBEF82-1246-47A3-A2B4-80F9DD4A0379} = {BD812CA1-4171-4923-A146-3E909D35598E}
		{6C3BC57C-F084-4A93-99D4-B1E687B0E58E} = {BD812CA1-4171-4923-A146-3E909D35598E}
		{A3F44BDD-E222-452A-8E86-BE7B9158BF79} = {BD812CA1-4171-4923-A146-3E909D35598E}
		{D44E6FDE-47CA-430D-8A3F-E000D2E974DB} = {A3F44BDD-E222-452A-8E86-BE7B9158BF79}
		{6900C446-2B19-4864-81C1-B708EE64C680} = {7F090CF6-D32E-4C8E-86C2-7C67E9FAEEC1}
		{0D5D8D9C-90CC-4CAC-9806-A9C53BBDC527} = {B6EBEF82-1246-47A3-A2B4-80F9DD4A0379}
		{7338579B-07EB-4520-AF74-F945BAC8F4AE} = {6C3BC57C-F084-4A93-99D4-B1E687B0E58E}
		{971CF946-715C-41C2-9AE8-EA6B452C8D50} = {38EFBD16-DC1F-482B-BD6D-3E3ACA126653}
		{24BB2B78-BCD6-47D0-9137-54D78ADE8950} = {971CF946-715C-41C2-9AE8-EA6B452C8D50}
		{0E06094D-B315-478F-B9E6-A0DEA2894AAC} = {971CF946-715C-41C2-9AE8-EA6B452C8D50}
		{3091C2E1-DBC7-4916-B843-CF4C8A8B1100} = {971CF946-715C-41C2-9AE8-EA6B452C8D50}
		{3D97E7B6-2198-411F-9393-BB89205DEEF7} = {971CF946-715C-41C2-9AE8-EA6B452C8D50}
		{467B69B5-A88E-4FB5-9C85-7E7F139DFDE2} = {24BB2B78-BCD6-47D0-9137-54D78ADE8950}
		{F58C8335-6633-442B-8836-7A15E040B3C3} = {3D97E7B6-2198-411F-9393-BB89205DEEF7}
		{1F188191-BAE9-41F0-85B0-68FE56357728} = {0E06094D-B315-478F-B9E6-A0DEA2894AAC}
		{E7DAD6AE-82B7-4F47-B58B-9192DAB6BE65} = {3091C2E1-DBC7-4916-B843-CF4C8A8B1100}
	EndGlobalSection
	GlobalSection(ExtensibilityGlobals) = postSolution
		SolutionGuid = {46FC6BF7-7C89-4DF4-8C12-6A0788181933}
	EndGlobalSection
EndGlobal
